
Microsoft Visual Studio Solution File, Format Version 12.00
# Visual Studio Version 17
VisualStudioVersion = 17.5.33516.290
MinimumVisualStudioVersion = 10.0.40219.1
Project("{FAE04EC0-301F-11D3-BF4B-00C04F79EFBC}") = "onnes_space", "onnes_space\onnes_space.csproj", "{7B19383A-74A1-47A3-A95A-BD8B8CEA54E8}"
EndProject
Global
	GlobalSection(SolutionConfigurationPlatforms) = preSolution
		Debug|Any CPU = Debug|Any CPU
		Release|Any CPU = Release|Any CPU
	EndGlobalSection
	GlobalSection(ProjectConfigurationPlatforms) = postSolution
		{7B19383A-74A1-47A3-A95A-BD8B8CEA54E8}.Debug|Any CPU.ActiveCfg = Debug|Any CPU
		{7B19383A-74A1-47A3-A95A-BD8B8CEA54E8}.Debug|Any CPU.Build.0 = Debug|Any CPU
		{7B19383A-74A1-47A3-A95A-BD8B8CEA54E8}.Release|Any CPU.ActiveCfg = Release|Any CPU
		{7B19383A-74A1-47A3-A95A-BD8B8CEA54E8}.Release|Any CPU.Build.0 = Release|Any CPU
	EndGlobalSection
	GlobalSection(SolutionProperties) = preSolution
		HideSolutionNode = FALSE
	EndGlobalSection
	GlobalSection(ExtensibilityGlobals) = postSolution
		SolutionGuid = {ED5FD230-043F-46F8-B755-0EF44E7AB781}
	EndGlobalSection
EndGlobal
